
Microsoft Visual Studio Solution File, Format Version 12.00
# Visual Studio Version 16
VisualStudioVersion = 16.0.29911.84
MinimumVisualStudioVersion = 10.0.40219.1
Project("{9A19103F-16F7-4668-BE54-9A1E7A4F7556}") = "Queens", "BackTrack\Queens\Queens.csproj", "{08523A48-9F34-4D95-9740-FB0F18D54E1F}"
EndProject
Project("{2150E333-8FDC-42A3-9474-1A3956D46DE8}") = "BackTrack", "BackTrack", "{F9BB0229-85A3-4EAE-9811-B17015C7777D}"
EndProject
Project("{9A19103F-16F7-4668-BE54-9A1E7A4F7556}") = "Permutation", "BackTrack\Permutation\Permutation.csproj", "{74CD7B1C-E3A4-4F0E-B19E-99BD5845CC01}"
EndProject
Global
	GlobalSection(SolutionConfigurationPlatforms) = preSolution
		Debug|Any CPU = Debug|Any CPU
		Release|Any CPU = Release|Any CPU
	EndGlobalSection
	GlobalSection(ProjectConfigurationPlatforms) = postSolution
		{08523A48-9F34-4D95-9740-FB0F18D54E1F}.Debug|Any CPU.ActiveCfg = Debug|Any CPU
		{08523A48-9F34-4D95-9740-FB0F18D54E1F}.Debug|Any CPU.Build.0 = Debug|Any CPU
		{08523A48-9F34-4D95-9740-FB0F18D54E1F}.Release|Any CPU.ActiveCfg = Release|Any CPU
		{08523A48-9F34-4D95-9740-FB0F18D54E1F}.Release|Any CPU.Build.0 = Release|Any CPU
		{74CD7B1C-E3A4-4F0E-B19E-99BD5845CC01}.Debug|Any CPU.ActiveCfg = Debug|Any CPU
		{74CD7B1C-E3A4-4F0E-B19E-99BD5845CC01}.Debug|Any CPU.Build.0 = Debug|Any CPU
		{74CD7B1C-E3A4-4F0E-B19E-99BD5845CC01}.Release|Any CPU.ActiveCfg = Release|Any CPU
		{74CD7B1C-E3A4-4F0E-B19E-99BD5845CC01}.Release|Any CPU.Build.0 = Release|Any CPU
	EndGlobalSection
	GlobalSection(SolutionProperties) = preSolution
		HideSolutionNode = FALSE
	EndGlobalSection
	GlobalSection(NestedProjects) = preSolution
		{08523A48-9F34-4D95-9740-FB0F18D54E1F} = {F9BB0229-85A3-4EAE-9811-B17015C7777D}
		{74CD7B1C-E3A4-4F0E-B19E-99BD5845CC01} = {F9BB0229-85A3-4EAE-9811-B17015C7777D}
	EndGlobalSection
	GlobalSection(ExtensibilityGlobals) = postSolution
		SolutionGuid = {92F3A670-28A8-4FFA-AD04-B1C8CEC8BDB8}
	EndGlobalSection
EndGlobal
