
Microsoft Visual Studio Solution File, Format Version 12.00
# Visual Studio Version 16
VisualStudioVersion = 16.0.29911.84
MinimumVisualStudioVersion = 10.0.40219.1
Project("{2150E333-8FDC-42A3-9474-1A3956D46DE8}") = "BackTrack", "BackTrack", "{D1A37CB8-59E3-463D-BDA5-89E20A7468A9}"
EndProject
Project("{FAE04EC0-301F-11D3-BF4B-00C04F79EFBC}") = "Queens", "Queens\Queens.csproj", "{E2106416-6BD6-48BF-8EB4-A8035CA5BB47}"
EndProject
Global
	GlobalSection(SolutionConfigurationPlatforms) = preSolution
		Debug|Any CPU = Debug|Any CPU
		Release|Any CPU = Release|Any CPU
	EndGlobalSection
	GlobalSection(ProjectConfigurationPlatforms) = postSolution
		{E2106416-6BD6-48BF-8EB4-A8035CA5BB47}.Debug|Any CPU.ActiveCfg = Debug|Any CPU
		{E2106416-6BD6-48BF-8EB4-A8035CA5BB47}.Debug|Any CPU.Build.0 = Debug|Any CPU
		{E2106416-6BD6-48BF-8EB4-A8035CA5BB47}.Release|Any CPU.ActiveCfg = Release|Any CPU
		{E2106416-6BD6-48BF-8EB4-A8035CA5BB47}.Release|Any CPU.Build.0 = Release|Any CPU
	EndGlobalSection
	GlobalSection(SolutionProperties) = preSolution
		HideSolutionNode = FALSE
	EndGlobalSection
	GlobalSection(NestedProjects) = preSolution
		{E2106416-6BD6-48BF-8EB4-A8035CA5BB47} = {D1A37CB8-59E3-463D-BDA5-89E20A7468A9}
	EndGlobalSection
	GlobalSection(ExtensibilityGlobals) = postSolution
		SolutionGuid = {92F3A670-28A8-4FFA-AD04-B1C8CEC8BDB8}
	EndGlobalSection
EndGlobal
